{
  "version": 4,
  "terraform_version": "0.12.4",
  "serial": 2,
  "lineage": "9015c543-d302-7947-54f2-99e8d2390008",
  "outputs": {},
  "resources": [
    {
      "mode": "managed",
      "type": "google_compute_firewall",
      "name": "minecraft_firewall",
      "provider": "provider.google",
      "instances": [
        {
          "schema_version": 1,
          "attributes": {
            "allow": [
              {
                "ports": [
                  "25565"
                ],
                "protocol": "tcp"
              }
            ],
            "creation_timestamp": "2019-07-19T00:47:01.408-07:00",
            "deny": [],
            "description": "",
            "destination_ranges": [],
            "direction": "INGRESS",
            "disabled": false,
            "id": "minecraft-server-firewall",
            "name": "minecraft-server-firewall",
            "network": "https://www.googleapis.com/compute/v1/projects/minecraft-246610/global/networks/default",
            "priority": 1000,
            "project": "minecraft-246610",
            "self_link": "https://www.googleapis.com/compute/v1/projects/minecraft-246610/global/firewalls/minecraft-server-firewall",
            "source_ranges": [
              "0.0.0.0/0"
            ],
            "source_service_accounts": null,
            "source_tags": null,
            "target_service_accounts": null,
            "target_tags": [
              "minecraft-server"
            ],
            "timeouts": null
          },
          "private": "eyJlMmJmYjczMC1lY2FhLTExZTYtOGY4OC0zNDM2M2JjN2M0YzAiOnsiY3JlYXRlIjoyNDAwMDAwMDAwMDAsImRlbGV0ZSI6MjQwMDAwMDAwMDAwLCJ1cGRhdGUiOjI0MDAwMDAwMDAwMH0sInNjaGVtYV92ZXJzaW9uIjoiMSJ9"
        }
      ]
    },
    {
      "mode": "managed",
      "type": "google_compute_instance",
      "name": "minecraft_instance",
      "provider": "provider.google",
      "instances": [
        {
          "status": "tainted",
          "schema_version": 6,
          "attributes": {
            "allow_stopping_for_update": null,
            "attached_disk": [],
            "boot_disk": [
              {
                "auto_delete": true,
                "device_name": "persistent-disk-0",
                "disk_encryption_key_raw": "",
                "disk_encryption_key_sha256": "",
                "initialize_params": [
                  {
                    "image": "https://www.googleapis.com/compute/v1/projects/ubuntu-os-cloud/global/images/ubuntu-minimal-1804-bionic-v20190628",
                    "size": 10,
                    "type": "pd-standard"
                  }
                ],
                "kms_key_self_link": "",
                "source": "https://www.googleapis.com/compute/v1/projects/minecraft-246610/zones/europe-west2-c/disks/minecraft-server"
              }
            ],
            "can_ip_forward": false,
            "cpu_platform": "Intel Broadwell",
            "deletion_protection": false,
            "description": null,
            "disk": [],
            "guest_accelerator": [],
            "hostname": "",
            "id": "minecraft-server",
            "instance_id": "7447078474308438936",
            "label_fingerprint": "42WmSpB8rSM=",
            "labels": null,
            "machine_type": "custom-2-2560",
            "metadata": {
              "sshKeys": "minecraft:ssh-rsa AAAAB3NzaC1yc2EAAAADAQABAAABAQC2cyBubq6REYZi02aDW2EuPLDXPxHqYyXlZe4B0IrK7sZH8uROAXLRfCGlcQG9dSylaZJPS7Jd7oSYGuDp1HgQ9lwW1PzwuudNzdePVmTWUh3CPCJzi+1MSTgscwHNYqxlgyh3vL/6+jWaaGmEoTC8XVhivdP9+6nMxB5+iKjRYMjPEHMJaP6K5XQfgC0GQd22iC9Omj08iY+QOSbnuoYAJn9ww7KMHaO8aqOGxLVCs2NIkZx+nM2k3ZHtc0pGWfASHbv91rqWoILrzOwJey61LbqZH3Iwjl7mnsdqdSt+vtK42UDFlXDbDjHDEbha+AgUW4M3Bjme3Y8elFhjp9Xb Jay@Jaydeeps-MacBook-Pro.local\n"
            },
            "metadata_fingerprint": "KKFa7KX_tmA=",
            "metadata_startup_script": "",
            "min_cpu_platform": "",
            "name": "minecraft-server",
            "network_interface": [
              {
                "access_config": [
                  {
                    "assigned_nat_ip": "",
                    "nat_ip": "35.189.91.138",
                    "network_tier": "PREMIUM",
                    "public_ptr_domain_name": ""
                  }
                ],
                "address": "",
                "alias_ip_range": [],
                "name": "nic0",
                "network": "https://www.googleapis.com/compute/v1/projects/minecraft-246610/global/networks/default",
                "network_ip": "10.154.0.2",
                "subnetwork": "https://www.googleapis.com/compute/v1/projects/minecraft-246610/regions/europe-west2/subnetworks/default",
                "subnetwork_project": "minecraft-246610"
              }
            ],
            "project": "minecraft-246610",
            "scheduling": [
              {
                "automatic_restart": true,
                "node_affinities": [],
                "on_host_maintenance": "MIGRATE",
                "preemptible": false
              }
            ],
            "scratch_disk": [],
            "self_link": "https://www.googleapis.com/compute/v1/projects/minecraft-246610/zones/europe-west2-c/instances/minecraft-server",
            "service_account": [],
            "shielded_instance_config": [],
            "tags": [
              "minecraft-server"
            ],
            "tags_fingerprint": "eKJo3f3n-AU=",
            "timeouts": null,
            "zone": "europe-west2-c"
          },
          "private": "eyJlMmJmYjczMC1lY2FhLTExZTYtOGY4OC0zNDM2M2JjN2M0YzAiOnsiY3JlYXRlIjoxMjAwMDAwMDAwMDAwLCJkZWxldGUiOjEyMDAwMDAwMDAwMDAsInVwZGF0ZSI6MTIwMDAwMDAwMDAwMH0sInNjaGVtYV92ZXJzaW9uIjoiNiJ9"
        }
      ]
    }
  ]
}
